// !$*UTF8*$!
{
	archiveVersion = 1;
	classes = {
	};
	objectVersion = 48;
	objects = {

/* Begin PBXBuildFile section */
		572BFD459580A1F2FDA8B60F /* Pods_GroupRide.framework in Frameworks */ = {isa = PBXBuildFile; fileRef = 697EAC55A0DE77513D7DD311 /* Pods_GroupRide.framework */; };
		7012D33D20BE060400CB1252 /* CalendarViewController.swift in Sources */ = {isa = PBXBuildFile; fileRef = 7012D33C20BE060300CB1252 /* CalendarViewController.swift */; };
		7012D34820BE554900CB1252 /* CustomCell.swift in Sources */ = {isa = PBXBuildFile; fileRef = 7012D34720BE554900CB1252 /* CustomCell.swift */; };
		70A48D1A20CF5B8200F5FCEB /* EditProfileViewController.swift in Sources */ = {isa = PBXBuildFile; fileRef = 70A48D1920CF5B8200F5FCEB /* EditProfileViewController.swift */; };
		70A48D2020CF97C300F5FCEB /* GroupRide.xcdatamodeld in Sources */ = {isa = PBXBuildFile; fileRef = 70A48D1E20CF97C300F5FCEB /* GroupRide.xcdatamodeld */; };
		70AD7B3420CF9D060052C11F /* Profile+CoreDataProperties copy.swift in Sources */ = {isa = PBXBuildFile; fileRef = 70AD7B3220CF9D060052C11F /* Profile+CoreDataProperties copy.swift */; };
		70AD7B3520CF9D060052C11F /* Profile+CoreDataClass copy.swift in Sources */ = {isa = PBXBuildFile; fileRef = 70AD7B3320CF9D060052C11F /* Profile+CoreDataClass copy.swift */; };
		70DDFC6A20A38F2100AEB96F /* AppDelegate.swift in Sources */ = {isa = PBXBuildFile; fileRef = 70DDFC6920A38F2100AEB96F /* AppDelegate.swift */; };
		70DDFC6C20A38F2100AEB96F /* MapViewController.swift in Sources */ = {isa = PBXBuildFile; fileRef = 70DDFC6B20A38F2100AEB96F /* MapViewController.swift */; };
		70DDFC6E20A38F2100AEB96F /* ProfileViewController.swift in Sources */ = {isa = PBXBuildFile; fileRef = 70DDFC6D20A38F2100AEB96F /* ProfileViewController.swift */; };
		70DDFC7120A38F2100AEB96F /* Main.storyboard in Resources */ = {isa = PBXBuildFile; fileRef = 70DDFC6F20A38F2100AEB96F /* Main.storyboard */; };
		70DDFC7320A38F2100AEB96F /* Assets.xcassets in Resources */ = {isa = PBXBuildFile; fileRef = 70DDFC7220A38F2100AEB96F /* Assets.xcassets */; };
		70DDFC7620A38F2100AEB96F /* LaunchScreen.storyboard in Resources */ = {isa = PBXBuildFile; fileRef = 70DDFC7420A38F2100AEB96F /* LaunchScreen.storyboard */; };
/* End PBXBuildFile section */

/* Begin PBXFileReference section */
		577604A46B1F79B914BA5313 /* Pods-GroupRide.release.xcconfig */ = {isa = PBXFileReference; includeInIndex = 1; lastKnownFileType = text.xcconfig; name = "Pods-GroupRide.release.xcconfig"; path = "Pods/Target Support Files/Pods-GroupRide/Pods-GroupRide.release.xcconfig"; sourceTree = "<group>"; };
		697EAC55A0DE77513D7DD311 /* Pods_GroupRide.framework */ = {isa = PBXFileReference; explicitFileType = wrapper.framework; includeInIndex = 0; path = Pods_GroupRide.framework; sourceTree = BUILT_PRODUCTS_DIR; };
		7012D33C20BE060300CB1252 /* CalendarViewController.swift */ = {isa = PBXFileReference; fileEncoding = 4; lastKnownFileType = sourcecode.swift; path = CalendarViewController.swift; sourceTree = "<group>"; };
		7012D34720BE554900CB1252 /* CustomCell.swift */ = {isa = PBXFileReference; lastKnownFileType = sourcecode.swift; name = CustomCell.swift; path = GroupRide/CustomCell.swift; sourceTree = SOURCE_ROOT; };
		70A48D1920CF5B8200F5FCEB /* EditProfileViewController.swift */ = {isa = PBXFileReference; lastKnownFileType = sourcecode.swift; name = EditProfileViewController.swift; path = "GroupRide/View Controllers/EditProfileViewController.swift"; sourceTree = SOURCE_ROOT; };
		70A48D1F20CF97C300F5FCEB /* GroupRide.xcdatamodel */ = {isa = PBXFileReference; lastKnownFileType = wrapper.xcdatamodel; path = GroupRide.xcdatamodel; sourceTree = "<group>"; };
		70AD7B3220CF9D060052C11F /* Profile+CoreDataProperties copy.swift */ = {isa = PBXFileReference; fileEncoding = 4; lastKnownFileType = sourcecode.swift; path = "Profile+CoreDataProperties copy.swift"; sourceTree = "<group>"; };
		70AD7B3320CF9D060052C11F /* Profile+CoreDataClass copy.swift */ = {isa = PBXFileReference; fileEncoding = 4; lastKnownFileType = sourcecode.swift; path = "Profile+CoreDataClass copy.swift"; sourceTree = "<group>"; };
		70DDFC6620A38F2100AEB96F /* GroupRide.app */ = {isa = PBXFileReference; explicitFileType = wrapper.application; includeInIndex = 0; path = GroupRide.app; sourceTree = BUILT_PRODUCTS_DIR; };
		70DDFC6920A38F2100AEB96F /* AppDelegate.swift */ = {isa = PBXFileReference; lastKnownFileType = sourcecode.swift; path = AppDelegate.swift; sourceTree = "<group>"; };
		70DDFC6B20A38F2100AEB96F /* MapViewController.swift */ = {isa = PBXFileReference; lastKnownFileType = sourcecode.swift; path = MapViewController.swift; sourceTree = "<group>"; };
		70DDFC6D20A38F2100AEB96F /* ProfileViewController.swift */ = {isa = PBXFileReference; lastKnownFileType = sourcecode.swift; path = ProfileViewController.swift; sourceTree = "<group>"; };
		70DDFC7020A38F2100AEB96F /* Base */ = {isa = PBXFileReference; lastKnownFileType = file.storyboard; name = Base; path = Base.lproj/Main.storyboard; sourceTree = "<group>"; };
		70DDFC7220A38F2100AEB96F /* Assets.xcassets */ = {isa = PBXFileReference; lastKnownFileType = folder.assetcatalog; path = Assets.xcassets; sourceTree = "<group>"; };
		70DDFC7520A38F2100AEB96F /* Base */ = {isa = PBXFileReference; lastKnownFileType = file.storyboard; name = Base; path = Base.lproj/LaunchScreen.storyboard; sourceTree = "<group>"; };
		70DDFC7720A38F2100AEB96F /* Info.plist */ = {isa = PBXFileReference; lastKnownFileType = text.plist.xml; path = Info.plist; sourceTree = "<group>"; };
		D2C964DBD3970FDED55DA1A6 /* Pods-GroupRide.debug.xcconfig */ = {isa = PBXFileReference; includeInIndex = 1; lastKnownFileType = text.xcconfig; name = "Pods-GroupRide.debug.xcconfig"; path = "Pods/Target Support Files/Pods-GroupRide/Pods-GroupRide.debug.xcconfig"; sourceTree = "<group>"; };
/* End PBXFileReference section */

/* Begin PBXFrameworksBuildPhase section */
		70DDFC6320A38F2100AEB96F /* Frameworks */ = {
			isa = PBXFrameworksBuildPhase;
			buildActionMask = 2147483647;
			files = (
				572BFD459580A1F2FDA8B60F /* Pods_GroupRide.framework in Frameworks */,
			);
			runOnlyForDeploymentPostprocessing = 0;
		};
/* End PBXFrameworksBuildPhase section */

/* Begin PBXGroup section */
		00D1948898825A6661A8705A /* Pods */ = {
			isa = PBXGroup;
			children = (
				D2C964DBD3970FDED55DA1A6 /* Pods-GroupRide.debug.xcconfig */,
				577604A46B1F79B914BA5313 /* Pods-GroupRide.release.xcconfig */,
			);
			name = Pods;
			sourceTree = "<group>";
		};
		7012D34520BE1C3800CB1252 /* View Controllers */ = {
			isa = PBXGroup;
			children = (
				70A48D1920CF5B8200F5FCEB /* EditProfileViewController.swift */,
				70DDFC6B20A38F2100AEB96F /* MapViewController.swift */,
				7012D33C20BE060300CB1252 /* CalendarViewController.swift */,
				70DDFC6D20A38F2100AEB96F /* ProfileViewController.swift */,
			);
			path = "View Controllers";
			sourceTree = "<group>";
		};
		7012D34620BE1C5500CB1252 /* Storyboards */ = {
			isa = PBXGroup;
			children = (
				70DDFC7420A38F2100AEB96F /* LaunchScreen.storyboard */,
				70DDFC6F20A38F2100AEB96F /* Main.storyboard */,
			);
			path = Storyboards;
			sourceTree = "<group>";
		};
		70DDFC5D20A38F2100AEB96F = {
			isa = PBXGroup;
			children = (
				70DDFC6820A38F2100AEB96F /* GroupRide */,
				70DDFC6720A38F2100AEB96F /* Products */,
				00D1948898825A6661A8705A /* Pods */,
				FE937205F051B9A78D8EC04D /* Frameworks */,
			);
			sourceTree = "<group>";
		};
		70DDFC6720A38F2100AEB96F /* Products */ = {
			isa = PBXGroup;
			children = (
				70DDFC6620A38F2100AEB96F /* GroupRide.app */,
			);
			name = Products;
			sourceTree = "<group>";
		};
		70DDFC6820A38F2100AEB96F /* GroupRide */ = {
			isa = PBXGroup;
			children = (
				70DDFC7720A38F2100AEB96F /* Info.plist */,
				7012D34620BE1C5500CB1252 /* Storyboards */,
				7012D34520BE1C3800CB1252 /* View Controllers */,
				70EB815E20CFBFF9005A9348 /* Core Data */,
				7012D34720BE554900CB1252 /* CustomCell.swift */,
				70DDFC6920A38F2100AEB96F /* AppDelegate.swift */,
				70DDFC7220A38F2100AEB96F /* Assets.xcassets */,
			);
			path = GroupRide;
			sourceTree = "<group>";
		};
		70EB815E20CFBFF9005A9348 /* Core Data */ = {
			isa = PBXGroup;
			children = (
				70AD7B3220CF9D060052C11F /* Profile+CoreDataProperties copy.swift */,
				70AD7B3320CF9D060052C11F /* Profile+CoreDataClass copy.swift */,
				70A48D1E20CF97C300F5FCEB /* GroupRide.xcdatamodeld */,
			);
			path = "Core Data";
			sourceTree = "<group>";
		};
		FE937205F051B9A78D8EC04D /* Frameworks */ = {
			isa = PBXGroup;
			children = (
				697EAC55A0DE77513D7DD311 /* Pods_GroupRide.framework */,
			);
			name = Frameworks;
			sourceTree = "<group>";
		};
/* End PBXGroup section */

/* Begin PBXNativeTarget section */
		70DDFC6520A38F2100AEB96F /* GroupRide */ = {
			isa = PBXNativeTarget;
			buildConfigurationList = 70DDFC7A20A38F2100AEB96F /* Build configuration list for PBXNativeTarget "GroupRide" */;
			buildPhases = (
				03B603C8D0185535DFAD8BAC /* [CP] Check Pods Manifest.lock */,
				70DDFC6220A38F2100AEB96F /* Sources */,
				70DDFC6320A38F2100AEB96F /* Frameworks */,
				70DDFC6420A38F2100AEB96F /* Resources */,
				DC7F08818AD99DEDC5E2195E /* [CP] Copy Pods Resources */,
				EDB98EAFF40E315731E63C87 /* [CP] Embed Pods Frameworks */,
			);
			buildRules = (
			);
			dependencies = (
			);
			name = GroupRide;
			productName = GroupRide;
			productReference = 70DDFC6620A38F2100AEB96F /* GroupRide.app */;
			productType = "com.apple.product-type.application";
		};
/* End PBXNativeTarget section */

/* Begin PBXProject section */
		70DDFC5E20A38F2100AEB96F /* Project object */ = {
			isa = PBXProject;
			attributes = {
				LastSwiftUpdateCheck = 0920;
				LastUpgradeCheck = 0920;
				ORGANIZATIONNAME = "Krysta Deluca";
				TargetAttributes = {
					70DDFC6520A38F2100AEB96F = {
						CreatedOnToolsVersion = 9.2;
						ProvisioningStyle = Automatic;
					};
				};
			};
			buildConfigurationList = 70DDFC6120A38F2100AEB96F /* Build configuration list for PBXProject "GroupRide" */;
			compatibilityVersion = "Xcode 8.0";
			developmentRegion = en;
			hasScannedForEncodings = 0;
			knownRegions = (
				en,
				Base,
			);
			mainGroup = 70DDFC5D20A38F2100AEB96F;
			productRefGroup = 70DDFC6720A38F2100AEB96F /* Products */;
			projectDirPath = "";
			projectRoot = "";
			targets = (
				70DDFC6520A38F2100AEB96F /* GroupRide */,
			);
		};
/* End PBXProject section */

/* Begin PBXResourcesBuildPhase section */
		70DDFC6420A38F2100AEB96F /* Resources */ = {
			isa = PBXResourcesBuildPhase;
			buildActionMask = 2147483647;
			files = (
				70DDFC7620A38F2100AEB96F /* LaunchScreen.storyboard in Resources */,
				70DDFC7320A38F2100AEB96F /* Assets.xcassets in Resources */,
				70DDFC7120A38F2100AEB96F /* Main.storyboard in Resources */,
			);
			runOnlyForDeploymentPostprocessing = 0;
		};
/* End PBXResourcesBuildPhase section */

/* Begin PBXShellScriptBuildPhase section */
		03B603C8D0185535DFAD8BAC /* [CP] Check Pods Manifest.lock */ = {
			isa = PBXShellScriptBuildPhase;
			buildActionMask = 2147483647;
			files = (
			);
			inputPaths = (
				"${PODS_PODFILE_DIR_PATH}/Podfile.lock",
				"${PODS_ROOT}/Manifest.lock",
			);
			name = "[CP] Check Pods Manifest.lock";
			outputPaths = (
				"$(DERIVED_FILE_DIR)/Pods-GroupRide-checkManifestLockResult.txt",
			);
			runOnlyForDeploymentPostprocessing = 0;
			shellPath = /bin/sh;
			shellScript = "diff \"${PODS_PODFILE_DIR_PATH}/Podfile.lock\" \"${PODS_ROOT}/Manifest.lock\" > /dev/null\nif [ $? != 0 ] ; then\n    # print error to STDERR\n    echo \"error: The sandbox is not in sync with the Podfile.lock. Run 'pod install' or update your CocoaPods installation.\" >&2\n    exit 1\nfi\n# This output is used by Xcode 'outputs' to avoid re-running this script phase.\necho \"SUCCESS\" > \"${SCRIPT_OUTPUT_FILE_0}\"\n";
			showEnvVarsInLog = 0;
		};
		DC7F08818AD99DEDC5E2195E /* [CP] Copy Pods Resources */ = {
			isa = PBXShellScriptBuildPhase;
			buildActionMask = 2147483647;
			files = (
			);
			inputPaths = (
				"${SRCROOT}/Pods/Target Support Files/Pods-GroupRide/Pods-GroupRide-resources.sh",
				"${PODS_ROOT}/GoogleMaps/Maps/Frameworks/GoogleMaps.framework/Resources/GoogleMaps.bundle",
			);
			name = "[CP] Copy Pods Resources";
			outputPaths = (
				"${TARGET_BUILD_DIR}/${UNLOCALIZED_RESOURCES_FOLDER_PATH}/GoogleMaps.bundle",
			);
			runOnlyForDeploymentPostprocessing = 0;
			shellPath = /bin/sh;
			shellScript = "\"${SRCROOT}/Pods/Target Support Files/Pods-GroupRide/Pods-GroupRide-resources.sh\"\n";
			showEnvVarsInLog = 0;
		};
		EDB98EAFF40E315731E63C87 /* [CP] Embed Pods Frameworks */ = {
			isa = PBXShellScriptBuildPhase;
			buildActionMask = 2147483647;
			files = (
			);
			inputPaths = (
				"${SRCROOT}/Pods/Target Support Files/Pods-GroupRide/Pods-GroupRide-frameworks.sh",
				"${BUILT_PRODUCTS_DIR}/JTAppleCalendar/JTAppleCalendar.framework",
			);
			name = "[CP] Embed Pods Frameworks";
			outputPaths = (
				"${TARGET_BUILD_DIR}/${FRAMEWORKS_FOLDER_PATH}/JTAppleCalendar.framework",
			);
			runOnlyForDeploymentPostprocessing = 0;
			shellPath = /bin/sh;
			shellScript = "\"${SRCROOT}/Pods/Target Support Files/Pods-GroupRide/Pods-GroupRide-frameworks.sh\"\n";
			showEnvVarsInLog = 0;
		};
/* End PBXShellScriptBuildPhase section */

/* Begin PBXSourcesBuildPhase section */
		70DDFC6220A38F2100AEB96F /* Sources */ = {
			isa = PBXSourcesBuildPhase;
			buildActionMask = 2147483647;
			files = (
				7012D33D20BE060400CB1252 /* CalendarViewController.swift in Sources */,
				70A48D2020CF97C300F5FCEB /* GroupRide.xcdatamodeld in Sources */,
				70AD7B3520CF9D060052C11F /* Profile+CoreDataClass copy.swift in Sources */,
				70DDFC6E20A38F2100AEB96F /* ProfileViewController.swift in Sources */,
				70A48D1A20CF5B8200F5FCEB /* EditProfileViewController.swift in Sources */,
				7012D34820BE554900CB1252 /* CustomCell.swift in Sources */,
				70DDFC6A20A38F2100AEB96F /* AppDelegate.swift in Sources */,
				70DDFC6C20A38F2100AEB96F /* MapViewController.swift in Sources */,
				70AD7B3420CF9D060052C11F /* Profile+CoreDataProperties copy.swift in Sources */,
			);
			runOnlyForDeploymentPostprocessing = 0;
		};
/* End PBXSourcesBuildPhase section */

/* Begin PBXVariantGroup section */
		70DDFC6F20A38F2100AEB96F /* Main.storyboard */ = {
			isa = PBXVariantGroup;
			children = (
				70DDFC7020A38F2100AEB96F /* Base */,
			);
			name = Main.storyboard;
			sourceTree = "<group>";
		};
		70DDFC7420A38F2100AEB96F /* LaunchScreen.storyboard */ = {
			isa = PBXVariantGroup;
			children = (
				70DDFC7520A38F2100AEB96F /* Base */,
			);
			name = LaunchScreen.storyboard;
			sourceTree = "<group>";
		};
/* End PBXVariantGroup section */

/* Begin XCBuildConfiguration section */
		70DDFC7820A38F2100AEB96F /* Debug */ = {
			isa = XCBuildConfiguration;
			buildSettings = {
				ALWAYS_SEARCH_USER_PATHS = NO;
				CLANG_ANALYZER_NONNULL = YES;
				CLANG_ANALYZER_NUMBER_OBJECT_CONVERSION = YES_AGGRESSIVE;
				CLANG_CXX_LANGUAGE_STANDARD = "gnu++14";
				CLANG_CXX_LIBRARY = "libc++";
				CLANG_ENABLE_MODULES = YES;
				CLANG_ENABLE_OBJC_ARC = YES;
				CLANG_WARN_BLOCK_CAPTURE_AUTORELEASING = YES;
				CLANG_WARN_BOOL_CONVERSION = YES;
				CLANG_WARN_COMMA = YES;
				CLANG_WARN_CONSTANT_CONVERSION = YES;
				CLANG_WARN_DIRECT_OBJC_ISA_USAGE = YES_ERROR;
				CLANG_WARN_DOCUMENTATION_COMMENTS = YES;
				CLANG_WARN_EMPTY_BODY = YES;
				CLANG_WARN_ENUM_CONVERSION = YES;
				CLANG_WARN_INFINITE_RECURSION = YES;
				CLANG_WARN_INT_CONVERSION = YES;
				CLANG_WARN_NON_LITERAL_NULL_CONVERSION = YES;
				CLANG_WARN_OBJC_LITERAL_CONVERSION = YES;
				CLANG_WARN_OBJC_ROOT_CLASS = YES_ERROR;
				CLANG_WARN_RANGE_LOOP_ANALYSIS = YES;
				CLANG_WARN_STRICT_PROTOTYPES = YES;
				CLANG_WARN_SUSPICIOUS_MOVE = YES;
				CLANG_WARN_UNGUARDED_AVAILABILITY = YES_AGGRESSIVE;
				CLANG_WARN_UNREACHABLE_CODE = YES;
				CLANG_WARN__DUPLICATE_METHOD_MATCH = YES;
				CODE_SIGN_IDENTITY = "iPhone Developer";
				COPY_PHASE_STRIP = NO;
				DEBUG_INFORMATION_FORMAT = dwarf;
				ENABLE_STRICT_OBJC_MSGSEND = YES;
				ENABLE_TESTABILITY = YES;
				GCC_C_LANGUAGE_STANDARD = gnu11;
				GCC_DYNAMIC_NO_PIC = NO;
				GCC_NO_COMMON_BLOCKS = YES;
				GCC_OPTIMIZATION_LEVEL = 0;
				GCC_PREPROCESSOR_DEFINITIONS = (
					"DEBUG=1",
					"$(inherited)",
				);
				GCC_WARN_64_TO_32_BIT_CONVERSION = YES;
				GCC_WARN_ABOUT_RETURN_TYPE = YES_ERROR;
				GCC_WARN_UNDECLARED_SELECTOR = YES;
				GCC_WARN_UNINITIALIZED_AUTOS = YES_AGGRESSIVE;
				GCC_WARN_UNUSED_FUNCTION = YES;
				GCC_WARN_UNUSED_VARIABLE = YES;
				HEADER_SEARCH_PATHS = "$(SRCROOT)/Pods/**";
				IPHONEOS_DEPLOYMENT_TARGET = 11.2;
				MTL_ENABLE_DEBUG_INFO = YES;
				ONLY_ACTIVE_ARCH = YES;
				SDKROOT = iphoneos;
				SWIFT_ACTIVE_COMPILATION_CONDITIONS = DEBUG;
				SWIFT_OPTIMIZATION_LEVEL = "-Onone";
			};
			name = Debug;
		};
		70DDFC7920A38F2100AEB96F /* Release */ = {
			isa = XCBuildConfiguration;
			buildSettings = {
				ALWAYS_SEARCH_USER_PATHS = NO;
				CLANG_ANALYZER_NONNULL = YES;
				CLANG_ANALYZER_NUMBER_OBJECT_CONVERSION = YES_AGGRESSIVE;
				CLANG_CXX_LANGUAGE_STANDARD = "gnu++14";
				CLANG_CXX_LIBRARY = "libc++";
				CLANG_ENABLE_MODULES = YES;
				CLANG_ENABLE_OBJC_ARC = YES;
				CLANG_WARN_BLOCK_CAPTURE_AUTORELEASING = YES;
				CLANG_WARN_BOOL_CONVERSION = YES;
				CLANG_WARN_COMMA = YES;
				CLANG_WARN_CONSTANT_CONVERSION = YES;
				CLANG_WARN_DIRECT_OBJC_ISA_USAGE = YES_ERROR;
				CLANG_WARN_DOCUMENTATION_COMMENTS = YES;
				CLANG_WARN_EMPTY_BODY = YES;
				CLANG_WARN_ENUM_CONVERSION = YES;
				CLANG_WARN_INFINITE_RECURSION = YES;
				CLANG_WARN_INT_CONVERSION = YES;
				CLANG_WARN_NON_LITERAL_NULL_CONVERSION = YES;
				CLANG_WARN_OBJC_LITERAL_CONVERSION = YES;
				CLANG_WARN_OBJC_ROOT_CLASS = YES_ERROR;
				CLANG_WARN_RANGE_LOOP_ANALYSIS = YES;
				CLANG_WARN_STRICT_PROTOTYPES = YES;
				CLANG_WARN_SUSPICIOUS_MOVE = YES;
				CLANG_WARN_UNGUARDED_AVAILABILITY = YES_AGGRESSIVE;
				CLANG_WARN_UNREACHABLE_CODE = YES;
				CLANG_WARN__DUPLICATE_METHOD_MATCH = YES;
				CODE_SIGN_IDENTITY = "iPhone Developer";
				COPY_PHASE_STRIP = NO;
				DEBUG_INFORMATION_FORMAT = "dwarf-with-dsym";
				ENABLE_NS_ASSERTIONS = NO;
				ENABLE_STRICT_OBJC_MSGSEND = YES;
				GCC_C_LANGUAGE_STANDARD = gnu11;
				GCC_NO_COMMON_BLOCKS = YES;
				GCC_WARN_64_TO_32_BIT_CONVERSION = YES;
				GCC_WARN_ABOUT_RETURN_TYPE = YES_ERROR;
				GCC_WARN_UNDECLARED_SELECTOR = YES;
				GCC_WARN_UNINITIALIZED_AUTOS = YES_AGGRESSIVE;
				GCC_WARN_UNUSED_FUNCTION = YES;
				GCC_WARN_UNUSED_VARIABLE = YES;
				HEADER_SEARCH_PATHS = "$(SRCROOT)/Pods/**";
				IPHONEOS_DEPLOYMENT_TARGET = 11.2;
				MTL_ENABLE_DEBUG_INFO = NO;
				SDKROOT = iphoneos;
				SWIFT_OPTIMIZATION_LEVEL = "-Owholemodule";
				VALIDATE_PRODUCT = YES;
			};
			name = Release;
		};
		70DDFC7B20A38F2100AEB96F /* Debug */ = {
			isa = XCBuildConfiguration;
			baseConfigurationReference = D2C964DBD3970FDED55DA1A6 /* Pods-GroupRide.debug.xcconfig */;
			buildSettings = {
				ASSETCATALOG_COMPILER_APPICON_NAME = AppIcon;
				CODE_SIGN_STYLE = Automatic;
				DEVELOPMENT_TEAM = 98PLLV5J2S;
				INFOPLIST_FILE = GroupRide/Info.plist;
				LD_RUNPATH_SEARCH_PATHS = "$(inherited) @executable_path/Frameworks";
				PRODUCT_BUNDLE_IDENTIFIER = com.krystaarwen.GroupRide;
				PRODUCT_NAME = "$(TARGET_NAME)";
				SWIFT_VERSION = 4.0;
				TARGETED_DEVICE_FAMILY = "1,2";
			};
			name = Debug;
		};
		70DDFC7C20A38F2100AEB96F /* Release */ = {
			isa = XCBuildConfiguration;
			baseConfigurationReference = 577604A46B1F79B914BA5313 /* Pods-GroupRide.release.xcconfig */;
			buildSettings = {
				ASSETCATALOG_COMPILER_APPICON_NAME = AppIcon;
				CODE_SIGN_STYLE = Automatic;
				DEVELOPMENT_TEAM = 98PLLV5J2S;
				INFOPLIST_FILE = GroupRide/Info.plist;
				LD_RUNPATH_SEARCH_PATHS = "$(inherited) @executable_path/Frameworks";
				PRODUCT_BUNDLE_IDENTIFIER = com.krystaarwen.GroupRide;
				PRODUCT_NAME = "$(TARGET_NAME)";
				SWIFT_VERSION = 4.0;
				TARGETED_DEVICE_FAMILY = "1,2";
			};
			name = Release;
		};
/* End XCBuildConfiguration section */

/* Begin XCConfigurationList section */
		70DDFC6120A38F2100AEB96F /* Build configuration list for PBXProject "GroupRide" */ = {
			isa = XCConfigurationList;
			buildConfigurations = (
				70DDFC7820A38F2100AEB96F /* Debug */,
				70DDFC7920A38F2100AEB96F /* Release */,
			);
			defaultConfigurationIsVisible = 0;
			defaultConfigurationName = Release;
		};
		70DDFC7A20A38F2100AEB96F /* Build configuration list for PBXNativeTarget "GroupRide" */ = {
			isa = XCConfigurationList;
			buildConfigurations = (
				70DDFC7B20A38F2100AEB96F /* Debug */,
				70DDFC7C20A38F2100AEB96F /* Release */,
			);
			defaultConfigurationIsVisible = 0;
			defaultConfigurationName = Release;
		};
/* End XCConfigurationList section */

/* Begin XCVersionGroup section */
		70A48D1E20CF97C300F5FCEB /* GroupRide.xcdatamodeld */ = {
			isa = XCVersionGroup;
			children = (
				70A48D1F20CF97C300F5FCEB /* GroupRide.xcdatamodel */,
			);
			currentVersion = 70A48D1F20CF97C300F5FCEB /* GroupRide.xcdatamodel */;
			path = GroupRide.xcdatamodeld;
			sourceTree = "<group>";
			versionGroupType = wrapper.xcdatamodel;
		};
/* End XCVersionGroup section */
	};
	rootObject = 70DDFC5E20A38F2100AEB96F /* Project object */;
}
